
Microsoft Visual Studio Solution File, Format Version 12.00
Project("{FAE04EC0-301F-11D3-BF4B-00C04F79EFBC}") = "PasswordGenerator", "PasswordGenerator\PasswordGenerator.csproj", "{74E29546-7B25-470B-ABED-DEE07D8EA030}"
EndProject
Project("{FAE04EC0-301F-11D3-BF4B-00C04F79EFBC}") = "PasswordGenerator.Tests", "PasswordGenerator.Tests\PasswordGenerator.Tests.csproj", "{B9B40182-C02F-4213-9AFB-3CC48D29835E}"
EndProject
Global
	GlobalSection(SolutionConfigurationPlatforms) = preSolution
		Debug|Any CPU = Debug|Any CPU
		Release|Any CPU = Release|Any CPU
	EndGlobalSection
	GlobalSection(ProjectConfigurationPlatforms) = postSolution
		{74E29546-7B25-470B-ABED-DEE07D8EA030}.Debug|Any CPU.ActiveCfg = Debug|Any CPU
		{74E29546-7B25-470B-ABED-DEE07D8EA030}.Debug|Any CPU.Build.0 = Debug|Any CPU
		{74E29546-7B25-470B-ABED-DEE07D8EA030}.Release|Any CPU.ActiveCfg = Release|Any CPU
		{74E29546-7B25-470B-ABED-DEE07D8EA030}.Release|Any CPU.Build.0 = Release|Any CPU
		{B9B40182-C02F-4213-9AFB-3CC48D29835E}.Debug|Any CPU.ActiveCfg = Debug|Any CPU
		{B9B40182-C02F-4213-9AFB-3CC48D29835E}.Debug|Any CPU.Build.0 = Debug|Any CPU
		{B9B40182-C02F-4213-9AFB-3CC48D29835E}.Release|Any CPU.ActiveCfg = Release|Any CPU
		{B9B40182-C02F-4213-9AFB-3CC48D29835E}.Release|Any CPU.Build.0 = Release|Any CPU
	EndGlobalSection
EndGlobal
