
Microsoft Visual Studio Solution File, Format Version 12.00
# Visual Studio Version 16
VisualStudioVersion = 16.0.28803.202
MinimumVisualStudioVersion = 10.0.40219.1
Project("{2150E333-8FDC-42A3-9474-1A3956D46DE8}") = "Solution Items", "Solution Items", "{43B0DA9F-1E55-4A09-AC5B-8CDE2EF71E7F}"
	ProjectSection(SolutionItems) = preProject
		License.md = License.md
		pg_logo.png = pg_logo.png
		Readme.md = Readme.md
	EndProjectSection
EndProject
Project("{FAE04EC0-301F-11D3-BF4B-00C04F79EFBC}") = "PasswordGenerator.Core", "PasswordGenerator.Core\PasswordGenerator.Core.csproj", "{C911FFB5-F76B-4BEA-92E9-AD18EB4A85B7}"
EndProject
Project("{2150E333-8FDC-42A3-9474-1A3956D46DE8}") = "Core", "Core", "{77C98C75-24E9-4200-9B0E-269C31B28F8B}"
EndProject
Project("{FAE04EC0-301F-11D3-BF4B-00C04F79EFBC}") = "UnitTestProject", "UnitTestProject\UnitTestProject.csproj", "{B9F232C3-11CC-44E9-A8C7-A11FD94274FC}"
EndProject
Global
	GlobalSection(SolutionConfigurationPlatforms) = preSolution
		Debug|Any CPU = Debug|Any CPU
		Release|Any CPU = Release|Any CPU
	EndGlobalSection
	GlobalSection(ProjectConfigurationPlatforms) = postSolution
		{C911FFB5-F76B-4BEA-92E9-AD18EB4A85B7}.Debug|Any CPU.ActiveCfg = Debug|Any CPU
		{C911FFB5-F76B-4BEA-92E9-AD18EB4A85B7}.Debug|Any CPU.Build.0 = Debug|Any CPU
		{C911FFB5-F76B-4BEA-92E9-AD18EB4A85B7}.Release|Any CPU.ActiveCfg = Release|Any CPU
		{C911FFB5-F76B-4BEA-92E9-AD18EB4A85B7}.Release|Any CPU.Build.0 = Release|Any CPU
		{B9F232C3-11CC-44E9-A8C7-A11FD94274FC}.Debug|Any CPU.ActiveCfg = Debug|Any CPU
		{B9F232C3-11CC-44E9-A8C7-A11FD94274FC}.Debug|Any CPU.Build.0 = Debug|Any CPU
		{B9F232C3-11CC-44E9-A8C7-A11FD94274FC}.Release|Any CPU.ActiveCfg = Release|Any CPU
		{B9F232C3-11CC-44E9-A8C7-A11FD94274FC}.Release|Any CPU.Build.0 = Release|Any CPU
	EndGlobalSection
	GlobalSection(SolutionProperties) = preSolution
		HideSolutionNode = FALSE
	EndGlobalSection
	GlobalSection(NestedProjects) = preSolution
		{C911FFB5-F76B-4BEA-92E9-AD18EB4A85B7} = {77C98C75-24E9-4200-9B0E-269C31B28F8B}
		{B9F232C3-11CC-44E9-A8C7-A11FD94274FC} = {77C98C75-24E9-4200-9B0E-269C31B28F8B}
	EndGlobalSection
	GlobalSection(ExtensibilityGlobals) = postSolution
		SolutionGuid = {30C63D7C-6BF0-48A6-A2A2-500BC328C933}
	EndGlobalSection
EndGlobal
