
Microsoft Visual Studio Solution File, Format Version 12.00
# Visual Studio Version 16
VisualStudioVersion = 16.0.28803.202
MinimumVisualStudioVersion = 10.0.40219.1
Project("{FAE04EC0-301F-11D3-BF4B-00C04F79EFBC}") = "PasswordGenerator", "PasswordGenerator\PasswordGenerator.csproj", "{A5FFCD9A-041D-4181-9429-1B59A31A5ABE}"
EndProject
Project("{2150E333-8FDC-42A3-9474-1A3956D46DE8}") = "Solution Items", "Solution Items", "{43B0DA9F-1E55-4A09-AC5B-8CDE2EF71E7F}"
	ProjectSection(SolutionItems) = preProject
		.gitattributes = .gitattributes
		.gitignore = .gitignore
		License.md = License.md
		PasswordGenerator.nuspec = PasswordGenerator.nuspec
		pg_logo.png = pg_logo.png
		Readme.md = Readme.md
	EndProjectSection
EndProject
Project("{FAE04EC0-301F-11D3-BF4B-00C04F79EFBC}") = "UnitTests", "UnitTests\UnitTests.csproj", "{33787BE6-7153-4372-ADE3-F0578C946059}"
EndProject
Project("{2150E333-8FDC-42A3-9474-1A3956D46DE8}") = "DotnetCore", "DotnetCore", "{BF047864-5693-4542-8058-C5DB32B5C075}"
EndProject
Project("{9A19103F-16F7-4668-BE54-9A1E7A4F7556}") = "PasswordGenerator.Core", "Core\PasswordGenerator.Core\PasswordGenerator.Core.csproj", "{68B77D36-3862-44C4-B2B5-784FFDFB15D6}"
EndProject
Project("{9A19103F-16F7-4668-BE54-9A1E7A4F7556}") = "UnitTestProject", "Core\UnitTestProject\UnitTestProject.csproj", "{07C28681-7351-4CD2-8380-9E097D48053F}"
EndProject
Global
	GlobalSection(SolutionConfigurationPlatforms) = preSolution
		Debug|Any CPU = Debug|Any CPU
		Release|Any CPU = Release|Any CPU
	EndGlobalSection
	GlobalSection(ProjectConfigurationPlatforms) = postSolution
		{A5FFCD9A-041D-4181-9429-1B59A31A5ABE}.Debug|Any CPU.ActiveCfg = Debug|Any CPU
		{A5FFCD9A-041D-4181-9429-1B59A31A5ABE}.Debug|Any CPU.Build.0 = Debug|Any CPU
		{A5FFCD9A-041D-4181-9429-1B59A31A5ABE}.Release|Any CPU.ActiveCfg = Release|Any CPU
		{A5FFCD9A-041D-4181-9429-1B59A31A5ABE}.Release|Any CPU.Build.0 = Release|Any CPU
		{33787BE6-7153-4372-ADE3-F0578C946059}.Debug|Any CPU.ActiveCfg = Debug|Any CPU
		{33787BE6-7153-4372-ADE3-F0578C946059}.Debug|Any CPU.Build.0 = Debug|Any CPU
		{33787BE6-7153-4372-ADE3-F0578C946059}.Release|Any CPU.ActiveCfg = Release|Any CPU
		{33787BE6-7153-4372-ADE3-F0578C946059}.Release|Any CPU.Build.0 = Release|Any CPU
		{68B77D36-3862-44C4-B2B5-784FFDFB15D6}.Debug|Any CPU.ActiveCfg = Debug|Any CPU
		{68B77D36-3862-44C4-B2B5-784FFDFB15D6}.Debug|Any CPU.Build.0 = Debug|Any CPU
		{68B77D36-3862-44C4-B2B5-784FFDFB15D6}.Release|Any CPU.ActiveCfg = Release|Any CPU
		{68B77D36-3862-44C4-B2B5-784FFDFB15D6}.Release|Any CPU.Build.0 = Release|Any CPU
		{07C28681-7351-4CD2-8380-9E097D48053F}.Debug|Any CPU.ActiveCfg = Debug|Any CPU
		{07C28681-7351-4CD2-8380-9E097D48053F}.Debug|Any CPU.Build.0 = Debug|Any CPU
		{07C28681-7351-4CD2-8380-9E097D48053F}.Release|Any CPU.ActiveCfg = Release|Any CPU
		{07C28681-7351-4CD2-8380-9E097D48053F}.Release|Any CPU.Build.0 = Release|Any CPU
	EndGlobalSection
	GlobalSection(SolutionProperties) = preSolution
		HideSolutionNode = FALSE
	EndGlobalSection
	GlobalSection(NestedProjects) = preSolution
		{68B77D36-3862-44C4-B2B5-784FFDFB15D6} = {BF047864-5693-4542-8058-C5DB32B5C075}
		{07C28681-7351-4CD2-8380-9E097D48053F} = {BF047864-5693-4542-8058-C5DB32B5C075}
	EndGlobalSection
	GlobalSection(ExtensibilityGlobals) = postSolution
		SolutionGuid = {6EB26C35-0C8C-473B-9988-3335DD827809}
	EndGlobalSection
EndGlobal
