
Microsoft Visual Studio Solution File, Format Version 12.00
# Visual Studio 14
VisualStudioVersion = 14.0.23107.0
MinimumVisualStudioVersion = 10.0.40219.1
Project("{FAE04EC0-301F-11D3-BF4B-00C04F79EFBC}") = "PasswordGenerator", "PasswordGenerator.csproj", "{A5FFCD9A-041D-4181-9429-1B59A31A5ABE}"
EndProject
Project("{2150E333-8FDC-42A3-9474-1A3956D46DE8}") = "Solution Items", "Solution Items", "{43B0DA9F-1E55-4A09-AC5B-8CDE2EF71E7F}"
	ProjectSection(SolutionItems) = preProject
		License.md = License.md
		Readme.md = Readme.md
	EndProjectSection
EndProject
Global
	GlobalSection(SolutionConfigurationPlatforms) = preSolution
		Debug|Any CPU = Debug|Any CPU
		Release|Any CPU = Release|Any CPU
	EndGlobalSection
	GlobalSection(ProjectConfigurationPlatforms) = postSolution
		{A5FFCD9A-041D-4181-9429-1B59A31A5ABE}.Debug|Any CPU.ActiveCfg = Debug|Any CPU
		{A5FFCD9A-041D-4181-9429-1B59A31A5ABE}.Debug|Any CPU.Build.0 = Debug|Any CPU
		{A5FFCD9A-041D-4181-9429-1B59A31A5ABE}.Release|Any CPU.ActiveCfg = Release|Any CPU
		{A5FFCD9A-041D-4181-9429-1B59A31A5ABE}.Release|Any CPU.Build.0 = Release|Any CPU
	EndGlobalSection
	GlobalSection(SolutionProperties) = preSolution
		HideSolutionNode = FALSE
	EndGlobalSection
EndGlobal
